// !$*UTF8*$!
{
	archiveVersion = 1;
	classes = {
	};
	objectVersion = 46;
	objects = {

/* Begin PBXBuildFile section */
		ECA465D21A6C43120004963F /* main.m in Sources */ = {isa = PBXBuildFile; fileRef = ECA465D11A6C43120004963F /* main.m */; };
		ECA465D51A6C43120004963F /* AppDelegate.m in Sources */ = {isa = PBXBuildFile; fileRef = ECA465D41A6C43120004963F /* AppDelegate.m */; };
		ECA465DB1A6C43120004963F /* Main.storyboard in Resources */ = {isa = PBXBuildFile; fileRef = ECA465D91A6C43120004963F /* Main.storyboard */; };
		ECA465DD1A6C43120004963F /* Images.xcassets in Resources */ = {isa = PBXBuildFile; fileRef = ECA465DC1A6C43120004963F /* Images.xcassets */; };
		ECA465E01A6C43120004963F /* LaunchScreen.xib in Resources */ = {isa = PBXBuildFile; fileRef = ECA465DE1A6C43120004963F /* LaunchScreen.xib */; };
		ECA465EC1A6C43120004963F /* NSUserDefaultsExampleTests.m in Sources */ = {isa = PBXBuildFile; fileRef = ECA465EB1A6C43120004963F /* NSUserDefaultsExampleTests.m */; };
		ECA465F71A6C43D40004963F /* ItemTVC.m in Sources */ = {isa = PBXBuildFile; fileRef = ECA465F61A6C43D40004963F /* ItemTVC.m */; };
/* End PBXBuildFile section */

/* Begin PBXContainerItemProxy section */
		ECA465E61A6C43120004963F /* PBXContainerItemProxy */ = {
			isa = PBXContainerItemProxy;
			containerPortal = ECA465C41A6C43120004963F /* Project object */;
			proxyType = 1;
			remoteGlobalIDString = ECA465CB1A6C43120004963F;
			remoteInfo = NSUserDefaultsExample;
		};
/* End PBXContainerItemProxy section */

/* Begin PBXFileReference section */
		ECA465CC1A6C43120004963F /* NSUserDefaultsExample.app */ = {isa = PBXFileReference; explicitFileType = wrapper.application; includeInIndex = 0; path = NSUserDefaultsExample.app; sourceTree = BUILT_PRODUCTS_DIR; };
		ECA465D01A6C43120004963F /* Info.plist */ = {isa = PBXFileReference; lastKnownFileType = text.plist.xml; path = Info.plist; sourceTree = "<group>"; };
		ECA465D11A6C43120004963F /* main.m */ = {isa = PBXFileReference; lastKnownFileType = sourcecode.c.objc; path = main.m; sourceTree = "<group>"; };
		ECA465D31A6C43120004963F /* AppDelegate.h */ = {isa = PBXFileReference; lastKnownFileType = sourcecode.c.h; path = AppDelegate.h; sourceTree = "<group>"; };
		ECA465D41A6C43120004963F /* AppDelegate.m */ = {isa = PBXFileReference; lastKnownFileType = sourcecode.c.objc; path = AppDelegate.m; sourceTree = "<group>"; };
		ECA465DA1A6C43120004963F /* Base */ = {isa = PBXFileReference; lastKnownFileType = file.storyboard; name = Base; path = Base.lproj/Main.storyboard; sourceTree = "<group>"; };
		ECA465DC1A6C43120004963F /* Images.xcassets */ = {isa = PBXFileReference; lastKnownFileType = folder.assetcatalog; path = Images.xcassets; sourceTree = "<group>"; };
		ECA465DF1A6C43120004963F /* Base */ = {isa = PBXFileReference; lastKnownFileType = file.xib; name = Base; path = Base.lproj/LaunchScreen.xib; sourceTree = "<group>"; };
		ECA465E51A6C43120004963F /* NSUserDefaultsExampleTests.xctest */ = {isa = PBXFileReference; explicitFileType = wrapper.cfbundle; includeInIndex = 0; path = NSUserDefaultsExampleTests.xctest; sourceTree = BUILT_PRODUCTS_DIR; };
		ECA465EA1A6C43120004963F /* Info.plist */ = {isa = PBXFileReference; lastKnownFileType = text.plist.xml; path = Info.plist; sourceTree = "<group>"; };
		ECA465EB1A6C43120004963F /* NSUserDefaultsExampleTests.m */ = {isa = PBXFileReference; lastKnownFileType = sourcecode.c.objc; path = NSUserDefaultsExampleTests.m; sourceTree = "<group>"; };
		ECA465F51A6C43D40004963F /* ItemTVC.h */ = {isa = PBXFileReference; fileEncoding = 4; lastKnownFileType = sourcecode.c.h; path = ItemTVC.h; sourceTree = "<group>"; };
		ECA465F61A6C43D40004963F /* ItemTVC.m */ = {isa = PBXFileReference; fileEncoding = 4; lastKnownFileType = sourcecode.c.objc; path = ItemTVC.m; sourceTree = "<group>"; };
/* End PBXFileReference section */

/* Begin PBXFrameworksBuildPhase section */
		ECA465C91A6C43120004963F /* Frameworks */ = {
			isa = PBXFrameworksBuildPhase;
			buildActionMask = 2147483647;
			files = (
			);
			runOnlyForDeploymentPostprocessing = 0;
		};
		ECA465E21A6C43120004963F /* Frameworks */ = {
			isa = PBXFrameworksBuildPhase;
			buildActionMask = 2147483647;
			files = (
			);
			runOnlyForDeploymentPostprocessing = 0;
		};
/* End PBXFrameworksBuildPhase section */

/* Begin PBXGroup section */
		ECA465C31A6C43120004963F = {
			isa = PBXGroup;
			children = (
				ECA465CE1A6C43120004963F /* NSUserDefaultsExample */,
				ECA465E81A6C43120004963F /* NSUserDefaultsExampleTests */,
				ECA465CD1A6C43120004963F /* Products */,
			);
			sourceTree = "<group>";
		};
		ECA465CD1A6C43120004963F /* Products */ = {
			isa = PBXGroup;
			children = (
				ECA465CC1A6C43120004963F /* NSUserDefaultsExample.app */,
				ECA465E51A6C43120004963F /* NSUserDefaultsExampleTests.xctest */,
			);
			name = Products;
			sourceTree = "<group>";
		};
		ECA465CE1A6C43120004963F /* NSUserDefaultsExample */ = {
			isa = PBXGroup;
			children = (
				ECA465F51A6C43D40004963F /* ItemTVC.h */,
				ECA465F61A6C43D40004963F /* ItemTVC.m */,
				ECA465D31A6C43120004963F /* AppDelegate.h */,
				ECA465D41A6C43120004963F /* AppDelegate.m */,
				ECA465D91A6C43120004963F /* Main.storyboard */,
				ECA465DC1A6C43120004963F /* Images.xcassets */,
				ECA465DE1A6C43120004963F /* LaunchScreen.xib */,
				ECA465CF1A6C43120004963F /* Supporting Files */,
			);
			path = NSUserDefaultsExample;
			sourceTree = "<group>";
		};
		ECA465CF1A6C43120004963F /* Supporting Files */ = {
			isa = PBXGroup;
			children = (
				ECA465D01A6C43120004963F /* Info.plist */,
				ECA465D11A6C43120004963F /* main.m */,
			);
			name = "Supporting Files";
			sourceTree = "<group>";
		};
		ECA465E81A6C43120004963F /* NSUserDefaultsExampleTests */ = {
			isa = PBXGroup;
			children = (
				ECA465EB1A6C43120004963F /* NSUserDefaultsExampleTests.m */,
				ECA465E91A6C43120004963F /* Supporting Files */,
			);
			path = NSUserDefaultsExampleTests;
			sourceTree = "<group>";
		};
		ECA465E91A6C43120004963F /* Supporting Files */ = {
			isa = PBXGroup;
			children = (
				ECA465EA1A6C43120004963F /* Info.plist */,
			);
			name = "Supporting Files";
			sourceTree = "<group>";
		};
/* End PBXGroup section */

/* Begin PBXNativeTarget section */
		ECA465CB1A6C43120004963F /* NSUserDefaultsExample */ = {
			isa = PBXNativeTarget;
			buildConfigurationList = ECA465EF1A6C43120004963F /* Build configuration list for PBXNativeTarget "NSUserDefaultsExample" */;
			buildPhases = (
				ECA465C81A6C43120004963F /* Sources */,
				ECA465C91A6C43120004963F /* Frameworks */,
				ECA465CA1A6C43120004963F /* Resources */,
			);
			buildRules = (
			);
			dependencies = (
			);
			name = NSUserDefaultsExample;
			productName = NSUserDefaultsExample;
			productReference = ECA465CC1A6C43120004963F /* NSUserDefaultsExample.app */;
			productType = "com.apple.product-type.application";
		};
		ECA465E41A6C43120004963F /* NSUserDefaultsExampleTests */ = {
			isa = PBXNativeTarget;
			buildConfigurationList = ECA465F21A6C43120004963F /* Build configuration list for PBXNativeTarget "NSUserDefaultsExampleTests" */;
			buildPhases = (
				ECA465E11A6C43120004963F /* Sources */,
				ECA465E21A6C43120004963F /* Frameworks */,
				ECA465E31A6C43120004963F /* Resources */,
			);
			buildRules = (
			);
			dependencies = (
				ECA465E71A6C43120004963F /* PBXTargetDependency */,
			);
			name = NSUserDefaultsExampleTests;
			productName = NSUserDefaultsExampleTests;
			productReference = ECA465E51A6C43120004963F /* NSUserDefaultsExampleTests.xctest */;
			productType = "com.apple.product-type.bundle.unit-test";
		};
/* End PBXNativeTarget section */

/* Begin PBXProject section */
		ECA465C41A6C43120004963F /* Project object */ = {
			isa = PBXProject;
			attributes = {
				LastUpgradeCheck = 0610;
				ORGANIZATIONNAME = "Proximity Viz LLC";
				TargetAttributes = {
					ECA465CB1A6C43120004963F = {
						CreatedOnToolsVersion = 6.1.1;
					};
					ECA465E41A6C43120004963F = {
						CreatedOnToolsVersion = 6.1.1;
						TestTargetID = ECA465CB1A6C43120004963F;
					};
				};
			};
			buildConfigurationList = ECA465C71A6C43120004963F /* Build configuration list for PBXProject "NSUserDefaultsExample" */;
			compatibilityVersion = "Xcode 3.2";
			developmentRegion = English;
			hasScannedForEncodings = 0;
			knownRegions = (
				en,
				Base,
			);
			mainGroup = ECA465C31A6C43120004963F;
			productRefGroup = ECA465CD1A6C43120004963F /* Products */;
			projectDirPath = "";
			projectRoot = "";
			targets = (
				ECA465CB1A6C43120004963F /* NSUserDefaultsExample */,
				ECA465E41A6C43120004963F /* NSUserDefaultsExampleTests */,
			);
		};
/* End PBXProject section */

/* Begin PBXResourcesBuildPhase section */
		ECA465CA1A6C43120004963F /* Resources */ = {
			isa = PBXResourcesBuildPhase;
			buildActionMask = 2147483647;
			files = (
				ECA465DB1A6C43120004963F /* Main.storyboard in Resources */,
				ECA465E01A6C43120004963F /* LaunchScreen.xib in Resources */,
				ECA465DD1A6C43120004963F /* Images.xcassets in Resources */,
			);
			runOnlyForDeploymentPostprocessing = 0;
		};
		ECA465E31A6C43120004963F /* Resources */ = {
			isa = PBXResourcesBuildPhase;
			buildActionMask = 2147483647;
			files = (
			);
			runOnlyForDeploymentPostprocessing = 0;
		};
/* End PBXResourcesBuildPhase section */

/* Begin PBXSourcesBuildPhase section */
		ECA465C81A6C43120004963F /* Sources */ = {
			isa = PBXSourcesBuildPhase;
			buildActionMask = 2147483647;
			files = (
				ECA465F71A6C43D40004963F /* ItemTVC.m in Sources */,
				ECA465D51A6C43120004963F /* AppDelegate.m in Sources */,
				ECA465D21A6C43120004963F /* main.m in Sources */,
			);
			runOnlyForDeploymentPostprocessing = 0;
		};
		ECA465E11A6C43120004963F /* Sources */ = {
			isa = PBXSourcesBuildPhase;
			buildActionMask = 2147483647;
			files = (
				ECA465EC1A6C43120004963F /* NSUserDefaultsExampleTests.m in Sources */,
			);
			runOnlyForDeploymentPostprocessing = 0;
		};
/* End PBXSourcesBuildPhase section */

/* Begin PBXTargetDependency section */
		ECA465E71A6C43120004963F /* PBXTargetDependency */ = {
			isa = PBXTargetDependency;
			target = ECA465CB1A6C43120004963F /* NSUserDefaultsExample */;
			targetProxy = ECA465E61A6C43120004963F /* PBXContainerItemProxy */;
		};
/* End PBXTargetDependency section */

/* Begin PBXVariantGroup section */
		ECA465D91A6C43120004963F /* Main.storyboard */ = {
			isa = PBXVariantGroup;
			children = (
				ECA465DA1A6C43120004963F /* Base */,
			);
			name = Main.storyboard;
			sourceTree = "<group>";
		};
		ECA465DE1A6C43120004963F /* LaunchScreen.xib */ = {
			isa = PBXVariantGroup;
			children = (
				ECA465DF1A6C43120004963F /* Base */,
			);
			name = LaunchScreen.xib;
			sourceTree = "<group>";
		};
/* End PBXVariantGroup section */

/* Begin XCBuildConfiguration section */
		ECA465ED1A6C43120004963F /* Debug */ = {
			isa = XCBuildConfiguration;
			buildSettings = {
				ALWAYS_SEARCH_USER_PATHS = NO;
				CLANG_CXX_LANGUAGE_STANDARD = "gnu++0x";
				CLANG_CXX_LIBRARY = "libc++";
				CLANG_ENABLE_MODULES = YES;
				CLANG_ENABLE_OBJC_ARC = YES;
				CLANG_WARN_BOOL_CONVERSION = YES;
				CLANG_WARN_CONSTANT_CONVERSION = YES;
				CLANG_WARN_DIRECT_OBJC_ISA_USAGE = YES_ERROR;
				CLANG_WARN_EMPTY_BODY = YES;
				CLANG_WARN_ENUM_CONVERSION = YES;
				CLANG_WARN_INT_CONVERSION = YES;
				CLANG_WARN_OBJC_ROOT_CLASS = YES_ERROR;
				CLANG_WARN_UNREACHABLE_CODE = YES;
				CLANG_WARN__DUPLICATE_METHOD_MATCH = YES;
				"CODE_SIGN_IDENTITY[sdk=iphoneos*]" = "iPhone Developer";
				COPY_PHASE_STRIP = NO;
				ENABLE_STRICT_OBJC_MSGSEND = YES;
				GCC_C_LANGUAGE_STANDARD = gnu99;
				GCC_DYNAMIC_NO_PIC = NO;
				GCC_OPTIMIZATION_LEVEL = 0;
				GCC_PREPROCESSOR_DEFINITIONS = (
					"DEBUG=1",
					"$(inherited)",
				);
				GCC_SYMBOLS_PRIVATE_EXTERN = NO;
				GCC_WARN_64_TO_32_BIT_CONVERSION = YES;
				GCC_WARN_ABOUT_RETURN_TYPE = YES_ERROR;
				GCC_WARN_UNDECLARED_SELECTOR = YES;
				GCC_WARN_UNINITIALIZED_AUTOS = YES_AGGRESSIVE;
				GCC_WARN_UNUSED_FUNCTION = YES;
				GCC_WARN_UNUSED_VARIABLE = YES;
				IPHONEOS_DEPLOYMENT_TARGET = 8.1;
				MTL_ENABLE_DEBUG_INFO = YES;
				ONLY_ACTIVE_ARCH = YES;
				SDKROOT = iphoneos;
			};
			name = Debug;
		};
		ECA465EE1A6C43120004963F /* Release */ = {
			isa = XCBuildConfiguration;
			buildSettings = {
				ALWAYS_SEARCH_USER_PATHS = NO;
				CLANG_CXX_LANGUAGE_STANDARD = "gnu++0x";
				CLANG_CXX_LIBRARY = "libc++";
				CLANG_ENABLE_MODULES = YES;
				CLANG_ENABLE_OBJC_ARC = YES;
				CLANG_WARN_BOOL_CONVERSION = YES;
				CLANG_WARN_CONSTANT_CONVERSION = YES;
				CLANG_WARN_DIRECT_OBJC_ISA_USAGE = YES_ERROR;
				CLANG_WARN_EMPTY_BODY = YES;
				CLANG_WARN_ENUM_CONVERSION = YES;
				CLANG_WARN_INT_CONVERSION = YES;
				CLANG_WARN_OBJC_ROOT_CLASS = YES_ERROR;
				CLANG_WARN_UNREACHABLE_CODE = YES;
				CLANG_WARN__DUPLICATE_METHOD_MATCH = YES;
				"CODE_SIGN_IDENTITY[sdk=iphoneos*]" = "iPhone Developer";
				COPY_PHASE_STRIP = YES;
				ENABLE_NS_ASSERTIONS = NO;
				ENABLE_STRICT_OBJC_MSGSEND = YES;
				GCC_C_LANGUAGE_STANDARD = gnu99;
				GCC_WARN_64_TO_32_BIT_CONVERSION = YES;
				GCC_WARN_ABOUT_RETURN_TYPE = YES_ERROR;
				GCC_WARN_UNDECLARED_SELECTOR = YES;
				GCC_WARN_UNINITIALIZED_AUTOS = YES_AGGRESSIVE;
				GCC_WARN_UNUSED_FUNCTION = YES;
				GCC_WARN_UNUSED_VARIABLE = YES;
				IPHONEOS_DEPLOYMENT_TARGET = 8.1;
				MTL_ENABLE_DEBUG_INFO = NO;
				SDKROOT = iphoneos;
				VALIDATE_PRODUCT = YES;
			};
			name = Release;
		};
		ECA465F01A6C43120004963F /* Debug */ = {
			isa = XCBuildConfiguration;
			buildSettings = {
				ASSETCATALOG_COMPILER_APPICON_NAME = AppIcon;
				INFOPLIST_FILE = NSUserDefaultsExample/Info.plist;
				LD_RUNPATH_SEARCH_PATHS = "$(inherited) @executable_path/Frameworks";
				PRODUCT_NAME = "$(TARGET_NAME)";
			};
			name = Debug;
		};
		ECA465F11A6C43120004963F /* Release */ = {
			isa = XCBuildConfiguration;
			buildSettings = {
				ASSETCATALOG_COMPILER_APPICON_NAME = AppIcon;
				INFOPLIST_FILE = NSUserDefaultsExample/Info.plist;
				LD_RUNPATH_SEARCH_PATHS = "$(inherited) @executable_path/Frameworks";
				PRODUCT_NAME = "$(TARGET_NAME)";
			};
			name = Release;
		};
		ECA465F31A6C43120004963F /* Debug */ = {
			isa = XCBuildConfiguration;
			buildSettings = {
				BUNDLE_LOADER = "$(TEST_HOST)";
				FRAMEWORK_SEARCH_PATHS = (
					"$(SDKROOT)/Developer/Library/Frameworks",
					"$(inherited)",
				);
				GCC_PREPROCESSOR_DEFINITIONS = (
					"DEBUG=1",
					"$(inherited)",
				);
				INFOPLIST_FILE = NSUserDefaultsExampleTests/Info.plist;
				LD_RUNPATH_SEARCH_PATHS = "$(inherited) @executable_path/Frameworks @loader_path/Frameworks";
				PRODUCT_NAME = "$(TARGET_NAME)";
				TEST_HOST = "$(BUILT_PRODUCTS_DIR)/NSUserDefaultsExample.app/NSUserDefaultsExample";
			};
			name = Debug;
		};
		ECA465F41A6C43120004963F /* Release */ = {
			isa = XCBuildConfiguration;
			buildSettings = {
				BUNDLE_LOADER = "$(TEST_HOST)";
				FRAMEWORK_SEARCH_PATHS = (
					"$(SDKROOT)/Developer/Library/Frameworks",
					"$(inherited)",
				);
				INFOPLIST_FILE = NSUserDefaultsExampleTests/Info.plist;
				LD_RUNPATH_SEARCH_PATHS = "$(inherited) @executable_path/Frameworks @loader_path/Frameworks";
				PRODUCT_NAME = "$(TARGET_NAME)";
				TEST_HOST = "$(BUILT_PRODUCTS_DIR)/NSUserDefaultsExample.app/NSUserDefaultsExample";
			};
			name = Release;
		};
/* End XCBuildConfiguration section */

/* Begin XCConfigurationList section */
		ECA465C71A6C43120004963F /* Build configuration list for PBXProject "NSUserDefaultsExample" */ = {
			isa = XCConfigurationList;
			buildConfigurations = (
				ECA465ED1A6C43120004963F /* Debug */,
				ECA465EE1A6C43120004963F /* Release */,
			);
			defaultConfigurationIsVisible = 0;
			defaultConfigurationName = Release;
		};
		ECA465EF1A6C43120004963F /* Build configuration list for PBXNativeTarget "NSUserDefaultsExample" */ = {
			isa = XCConfigurationList;
			buildConfigurations = (
				ECA465F01A6C43120004963F /* Debug */,
				ECA465F11A6C43120004963F /* Release */,
			);
			defaultConfigurationIsVisible = 0;
		};
		ECA465F21A6C43120004963F /* Build configuration list for PBXNativeTarget "NSUserDefaultsExampleTests" */ = {
			isa = XCConfigurationList;
			buildConfigurations = (
				ECA465F31A6C43120004963F /* Debug */,
				ECA465F41A6C43120004963F /* Release */,
			);
			defaultConfigurationIsVisible = 0;
		};
/* End XCConfigurationList section */
	};
	rootObject = ECA465C41A6C43120004963F /* Project object */;
}
